[[package]]
category = "main"
description = "A cross-platform clipboard module for Python. (Only handles plain text for now.)"
name = "pyperclip"
optional = false
python-versions = "*"
version = "1.8.0"

[metadata]
content-hash = "5d9cc2f990cafa19af5e533437016df532282d216cc52a4ec219cd256360edc3"
python-versions = "^3.8"

[metadata.files]
pyperclip = [
    {file = "pyperclip-1.8.0.tar.gz", hash = "sha256:b75b975160428d84608c26edba2dec146e7799566aea42c1fe1b32e72b6028f2"},
]
